---
lockfileVersion: '9.0'

importers:

  .:
    configDependencies: {}
    packageManagerDependencies:
      '@pnpm/exe':
        specifier: ^11.12.0
        version: 11.18.0
      pnpm:
        specifier: ^11.12.0
        version: 11.18.0

packages:

  '@pnpm/exe@11.18.0':
    resolution: {integrity: sha512-9aPgeTanPblPLGE0V+SSTFAEmN1aF0y3OE+iNUO/RW5oXoZfyPS34hSDDwDmVy8yokA/+EuwQZENMDxaaICysA==}
    hasBin: true

  '@pnpm/linux-arm64@11.18.0':
    resolution: {integrity: sha512-cWOEr5xbmURZpj2XZo/3pqsrtDTzqms8g27Z4ciB1+cdj3SF8APtzyC/zJkJ6+gTnRwS0rIValnulSwDDKiasA==}
    cpu: [arm64]
    os: [linux]

  '@pnpm/linux-x64@11.18.0':
    resolution: {integrity: sha512-9wgEko4X/jxDOpM+zcu5CcJtam2+nEvkuE1YRRALdEk4hwzJdjbCgl9xXKIVED19ZCYpAuF1zAtxiXcukxk3xA==}
    cpu: [x64]
    os: [linux]

  '@pnpm/linuxstatic-arm64@11.18.0':
    resolution: {integrity: sha512-4FJPL48jwvh+GvK13hMeqqsI+1tIIrm3iNMx2URM5UaFHJDvhj2SrBMgn2th9Lmgo7gH4RykxGiYyGJJRl+rjw==}
    cpu: [arm64]
    os: [linux]
    libc: [musl]

  '@pnpm/linuxstatic-x64@11.18.0':
    resolution: {integrity: sha512-nrP+OrT7BAyEno2xcaKZdOuY5kgkLQOiH7irBft2Q3/bLpEsidUscmWgtdGF2xahmfNx5FTzxwurX9zMLOId3g==}
    cpu: [x64]
    os: [linux]
    libc: [musl]

  '@pnpm/macos-arm64@11.18.0':
    resolution: {integrity: sha512-KTDxK6c21u78EeH55TjPKPvOUhh1qW5zSYLJasxnIBWVK8bxzGFBwuccvdbPlwgu7c6iGrXR4dAeVn3RRty/IA==}
    cpu: [arm64]
    os: [darwin]

  '@pnpm/win-arm64@11.18.0':
    resolution: {integrity: sha512-4EMrx19KBBDx0ufwlTUypDQMPIyQtaf85j7Y8HeHs2KeyF6pFnIhP2PbZH8YuO/JJ9Obb2AcK3T3wqyX6nQrhg==}
    cpu: [arm64]
    os: [win32]

  '@pnpm/win-x64@11.18.0':
    resolution: {integrity: sha512-uBeq9G2ArsVV6es+cAqP4DwiZaykNjC5nRBOOPLn28Tr5ZplqqSpoFi6kvgM7P/fz1/VCyKj2fsBMZOR8B5lpQ==}
    cpu: [x64]
    os: [win32]

  '@reflink/reflink-darwin-arm64@0.1.19':
    resolution: {integrity: sha512-ruy44Lpepdk1FqDz38vExBY/PVUsjxZA+chd9wozjUH9JjuDT/HEaQYA6wYN9mf041l0yLVar6BCZuWABJvHSA==}
    engines: {node: '>= 10'}
    cpu: [arm64]
    os: [darwin]

  '@reflink/reflink-darwin-x64@0.1.19':
    resolution: {integrity: sha512-By85MSWrMZa+c26TcnAy8SDk0sTUkYlNnwknSchkhHpGXOtjNDUOxJE9oByBnGbeuIE1PiQsxDG3Ud+IVV9yuA==}
    engines: {node: '>= 10'}
    cpu: [x64]
    os: [darwin]

  '@reflink/reflink-linux-arm64-gnu@0.1.19':
    resolution: {integrity: sha512-7P+er8+rP9iNeN+bfmccM4hTAaLP6PQJPKWSA4iSk2bNvo6KU6RyPgYeHxXmzNKzPVRcypZQTpFgstHam6maVg==}
    engines: {node: '>= 10'}
    cpu: [arm64]
    os: [linux]
    libc: [glibc]

  '@reflink/reflink-linux-arm64-musl@0.1.19':
    resolution: {integrity: sha512-37iO/Dp6m5DDaC2sf3zPtx/hl9FV3Xze4xoYidrxxS9bgP3S8ALroxRK6xBG/1TtfXKTvolvp+IjrUU6ujIGmA==}
    engines: {node: '>= 10'}
    cpu: [arm64]
    os: [linux]
    libc: [musl]

  '@reflink/reflink-linux-x64-gnu@0.1.19':
    resolution: {integrity: sha512-jbI8jvuYCaA3MVUdu8vLoLAFqC+iNMpiSuLbxlAgg7x3K5bsS8nOpTRnkLF7vISJ+rVR8W+7ThXlXlUQ93ulkw==}
    engines: {node: '>= 10'}
    cpu: [x64]
    os: [linux]
    libc: [glibc]

  '@reflink/reflink-linux-x64-musl@0.1.19':
    resolution: {integrity: sha512-e9FBWDe+lv7QKAwtKOt6A2W/fyy/aEEfr0g6j/hWzvQcrzHCsz07BNQYlNOjTfeytrtLU7k449H1PI95jA4OjQ==}
    engines: {node: '>= 10'}
    cpu: [x64]
    os: [linux]
    libc: [musl]

  '@reflink/reflink-win32-arm64-msvc@0.1.19':
    resolution: {integrity: sha512-09PxnVIQcd+UOn4WAW73WU6PXL7DwGS6wPlkMhMg2zlHHG65F3vHepOw06HFCq+N42qkaNAc8AKIabWvtk6cIQ==}
    engines: {node: '>= 10'}
    cpu: [arm64]
    os: [win32]

  '@reflink/reflink-win32-x64-msvc@0.1.19':
    resolution: {integrity: sha512-E//yT4ni2SyhwP8JRjVGWr3cbnhWDiPLgnQ66qqaanjjnMiu3O/2tjCPQXlcGc/DEYofpDc9fvhv6tALQsMV9w==}
    engines: {node: '>= 10'}
    cpu: [x64]
    os: [win32]

  '@reflink/reflink@0.1.19':
    resolution: {integrity: sha512-DmCG8GzysnCZ15bres3N5AHCmwBwYgp0As6xjhQ47rAUTUXxJiK+lLUxaGsX3hd/30qUpVElh05PbGuxRPgJwA==}
    engines: {node: '>= 10'}

  detect-libc@2.1.2:
    resolution: {integrity: sha512-Btj2BOOO83o3WyH59e8MgXsxEQVcarkUOpEYrubB0urwnN10yQ364rsiByU11nZlqWYZm05i/of7io4mzihBtQ==}
    engines: {node: '>=8'}

  pnpm@11.18.0:
    resolution: {integrity: sha512-M9g8d9qC9J+6g2klxvG4QRgewxMrZwY5vQEvcHX1x89jTF+HAUfBmq50ePrAHfCdiJLogEVIlu3SPumzN1dWPA==}
    engines: {node: '>=22.13'}
    hasBin: true

snapshots:

  '@pnpm/exe@11.18.0':
    dependencies:
      '@reflink/reflink': 0.1.19
      detect-libc: 2.1.2
    optionalDependencies:
      '@pnpm/linux-arm64': 11.18.0
      '@pnpm/linux-x64': 11.18.0
      '@pnpm/linuxstatic-arm64': 11.18.0
      '@pnpm/linuxstatic-x64': 11.18.0
      '@pnpm/macos-arm64': 11.18.0
      '@pnpm/win-arm64': 11.18.0
      '@pnpm/win-x64': 11.18.0

  '@pnpm/linux-arm64@11.18.0':
    optional: true

  '@pnpm/linux-x64@11.18.0':
    optional: true

  '@pnpm/linuxstatic-arm64@11.18.0':
    optional: true

  '@pnpm/linuxstatic-x64@11.18.0':
    optional: true

  '@pnpm/macos-arm64@11.18.0':
    optional: true

  '@pnpm/win-arm64@11.18.0':
    optional: true

  '@pnpm/win-x64@11.18.0':
    optional: true

  '@reflink/reflink-darwin-arm64@0.1.19':
    optional: true

  '@reflink/reflink-darwin-x64@0.1.19':
    optional: true

  '@reflink/reflink-linux-arm64-gnu@0.1.19':
    optional: true

  '@reflink/reflink-linux-arm64-musl@0.1.19':
    optional: true

  '@reflink/reflink-linux-x64-gnu@0.1.19':
    optional: true

  '@reflink/reflink-linux-x64-musl@0.1.19':
    optional: true

  '@reflink/reflink-win32-arm64-msvc@0.1.19':
    optional: true

  '@reflink/reflink-win32-x64-msvc@0.1.19':
    optional: true

  '@reflink/reflink@0.1.19':
    optionalDependencies:
      '@reflink/reflink-darwin-arm64': 0.1.19
      '@reflink/reflink-darwin-x64': 0.1.19
      '@reflink/reflink-linux-arm64-gnu': 0.1.19
      '@reflink/reflink-linux-arm64-musl': 0.1.19
      '@reflink/reflink-linux-x64-gnu': 0.1.19
      '@reflink/reflink-linux-x64-musl': 0.1.19
      '@reflink/reflink-win32-arm64-msvc': 0.1.19
      '@reflink/reflink-win32-x64-msvc': 0.1.19

  detect-libc@2.1.2: {}

  pnpm@11.18.0: {}

---
lockfileVersion: '9.0'

settings:
  autoInstallPeers: true
  excludeLinksFromLockfile: false

importers:

  .:
    dependencies:
      '@tauri-apps/api':
        specifier: ^2.11.1
        version: 2.11.1
    devDependencies:
      '@tauri-apps/cli':
        specifier: ^2.11.4
        version: 2.11.4

packages:

  '@tauri-apps/api@2.11.1':
    resolution: {integrity: sha512-M2FPuYND2m+wh5hfW9ZpSdxMPdEJovPBWwoHJmwUpysTYNHaOkVFN419m/K0LIgjb/7KU2vBgsUepJWugQCvAA==}

  '@tauri-apps/cli-darwin-arm64@2.11.4':
    resolution: {integrity: sha512-1ryOF3ZhpZ/nemHV5zVwBQBz9jDGKmKPvWPADOhc83ig0P4bMc2iER4NbC6r9sjeIZ6RVQ4g3RZIYvezhcl4TQ==}
    engines: {node: '>= 10'}
    cpu: [arm64]
    os: [darwin]

  '@tauri-apps/cli-darwin-x64@2.11.4':
    resolution: {integrity: sha512-uFsGQAAfuyz1k/yGLmkWfkBlgKAqZfxqlHmLWx81QU27RJWfmbNHCIq8T8w1e+VClleIuZUjpHWfoE4E3DLo3A==}
    engines: {node: '>= 10'}
    cpu: [x64]
    os: [darwin]

  '@tauri-apps/cli-linux-arm-gnueabihf@2.11.4':
    resolution: {integrity: sha512-IaHZn5CdBL21oUmjiVOS1ctw6Ip1O0pjp70FwOWmYz1myWe0SY96ZIj2FYf7pT0m8bI2h/hrs5ZbEXXh44/MkQ==}
    engines: {node: '>= 10'}
    cpu: [arm]
    os: [linux]

  '@tauri-apps/cli-linux-arm64-gnu@2.11.4':
    resolution: {integrity: sha512-N41/ukTRVe6XSuUTESuFdGeOW2i7k62tK+6gHK5Kd5/q5RPvvi19GaWAVPPb9u95HSGmTChSolBfzynUsssFaA==}
    engines: {node: '>= 10'}
    cpu: [arm64]
    os: [linux]
    libc: [glibc]

  '@tauri-apps/cli-linux-arm64-musl@2.11.4':
    resolution: {integrity: sha512-v277UnT/fB64xAfSroL5N3Km3tLmvATWqJJw/wRI+g6o+HkeD0slyE7gOhNs1MbjE41R7bQOTxMVoL3aomUJmw==}
    engines: {node: '>= 10'}
    cpu: [arm64]
    os: [linux]
    libc: [musl]

  '@tauri-apps/cli-linux-riscv64-gnu@2.11.4':
    resolution: {integrity: sha512-qqgNkQ2u1yZHxjhxsZaxUtRDW8dIqIYm33rx/mzwQv0SfY9x1B+iraj8vWeFiXjjSVVhEMepXSOts1TqPzvXNQ==}
    engines: {node: '>= 10'}
    cpu: [riscv64]
    os: [linux]
    libc: [glibc]

  '@tauri-apps/cli-linux-x64-gnu@2.11.4':
    resolution: {integrity: sha512-2VRNWl84FOH0m2giiDkO2h0QXlcMJeX+zJDpI5kDIQAx6s+geF3v48F4DXfJez4GS/FdoDGnPnw1C2iYGbQ7bQ==}
    engines: {node: '>= 10'}
    cpu: [x64]
    os: [linux]
    libc: [glibc]

  '@tauri-apps/cli-linux-x64-musl@2.11.4':
    resolution: {integrity: sha512-o9GyhYor/nc7xarmwDE3ka2szuW3uuZzXjHWh64Q8YX5AtSgxdQkFWzrY4O8KiGtVNvFBI14H3Q49Qj5TOIP/A==}
    engines: {node: '>= 10'}
    cpu: [x64]
    os: [linux]
    libc: [musl]

  '@tauri-apps/cli-win32-arm64-msvc@2.11.4':
    resolution: {integrity: sha512-ld5Ehb598m0VkYyylRPNeCFsBe/km0jxis6KgMpl3IGY6I/i1RwQXO05I1AsXUXO2WC6AvB/Lw4qTf/asiuEiQ==}
    engines: {node: '>= 10'}
    cpu: [arm64]
    os: [win32]

  '@tauri-apps/cli-win32-ia32-msvc@2.11.4':
    resolution: {integrity: sha512-12Hxi0XX/H5VFxO/bGgHkFWhml9VMgEOu9CidjeCeTNQ1l6fpUlbiGgSP7CLI3PFtW9/FfbeHieZ+kyWK5H7CA==}
    engines: {node: '>= 10'}
    cpu: [ia32]
    os: [win32]

  '@tauri-apps/cli-win32-x64-msvc@2.11.4':
    resolution: {integrity: sha512-+vDiqBIU5dMISg/wNvX3sF+ZHfgJGJ5T0AcO+EHNXV9GGAG+P5fzodlDXD3QdKCRgZxMoCm5PPvj3BqLNjBthw==}
    engines: {node: '>= 10'}
    cpu: [x64]
    os: [win32]

  '@tauri-apps/cli@2.11.4':
    resolution: {integrity: sha512-R8xGtMpwyetawSqm9kYOuMmEqkhUbvcUy8n0aNXIxollKBLESUu5f4Fx+64hgASYm1H+jSWq6jCW6zqTnH6hqQ==}
    engines: {node: '>= 10'}
    hasBin: true

snapshots:

  '@tauri-apps/api@2.11.1': {}

  '@tauri-apps/cli-darwin-arm64@2.11.4':
    optional: true

  '@tauri-apps/cli-darwin-x64@2.11.4':
    optional: true

  '@tauri-apps/cli-linux-arm-gnueabihf@2.11.4':
    optional: true

  '@tauri-apps/cli-linux-arm64-gnu@2.11.4':
    optional: true

  '@tauri-apps/cli-linux-arm64-musl@2.11.4':
    optional: true

  '@tauri-apps/cli-linux-riscv64-gnu@2.11.4':
    optional: true

  '@tauri-apps/cli-linux-x64-gnu@2.11.4':
    optional: true

  '@tauri-apps/cli-linux-x64-musl@2.11.4':
    optional: true

  '@tauri-apps/cli-win32-arm64-msvc@2.11.4':
    optional: true

  '@tauri-apps/cli-win32-ia32-msvc@2.11.4':
    optional: true

  '@tauri-apps/cli-win32-x64-msvc@2.11.4':
    optional: true

  '@tauri-apps/cli@2.11.4':
    optionalDependencies:
      '@tauri-apps/cli-darwin-arm64': 2.11.4
      '@tauri-apps/cli-darwin-x64': 2.11.4
      '@tauri-apps/cli-linux-arm-gnueabihf': 2.11.4
      '@tauri-apps/cli-linux-arm64-gnu': 2.11.4
      '@tauri-apps/cli-linux-arm64-musl': 2.11.4
      '@tauri-apps/cli-linux-riscv64-gnu': 2.11.4
      '@tauri-apps/cli-linux-x64-gnu': 2.11.4
      '@tauri-apps/cli-linux-x64-musl': 2.11.4
      '@tauri-apps/cli-win32-arm64-msvc': 2.11.4
      '@tauri-apps/cli-win32-ia32-msvc': 2.11.4
      '@tauri-apps/cli-win32-x64-msvc': 2.11.4
